
Microsoft Visual Studio Solution File, Format Version 12.00
# Visual Studio Version 16
VisualStudioVersion = 25.0.1700.6
MinimumVisualStudioVersion = 10.0.40219.1
Project("{FAE04EC0-301F-11D3-BF4B-00C04F79EFBC}") = "T05-Ejercicio15", "T05-Ejercicio15.csproj", "{834D772F-21E3-4B11-84C5-3A869A8AD9B9}"
EndProject
Global
	GlobalSection(SolutionConfigurationPlatforms) = preSolution
		Debug|Any CPU = Debug|Any CPU
		Release|Any CPU = Release|Any CPU
	EndGlobalSection
	GlobalSection(ProjectConfigurationPlatforms) = postSolution
		{834D772F-21E3-4B11-84C5-3A869A8AD9B9}.Debug|Any CPU.ActiveCfg = Debug|Any CPU
		{834D772F-21E3-4B11-84C5-3A869A8AD9B9}.Debug|Any CPU.Build.0 = Debug|Any CPU
		{834D772F-21E3-4B11-84C5-3A869A8AD9B9}.Release|Any CPU.ActiveCfg = Release|Any CPU
		{834D772F-21E3-4B11-84C5-3A869A8AD9B9}.Release|Any CPU.Build.0 = Release|Any CPU
	EndGlobalSection
	GlobalSection(SolutionProperties) = preSolution
		HideSolutionNode = FALSE
	EndGlobalSection
	GlobalSection(ExtensibilityGlobals) = postSolution
		SolutionGuid = {774766DB-8107-4D1F-A9AD-F03456A834C1}
	EndGlobalSection
EndGlobal
